// !$*UTF8*$!
{
	archiveVersion = 1;
	classes = {
	};
	objectVersion = 56;
	objects = {

/* Begin PBXBuildFile section */
		162B7EE9078DAF04317DFBAC /* Pods_NetflixApp2.framework in Frameworks */ = {isa = PBXBuildFile; fileRef = EBCDCFDE15E02CED6F954F27 /* Pods_NetflixApp2.framework */; };
		C92E05542C58E900007AE20D /* TitlePreviewModel.swift in Sources */ = {isa = PBXBuildFile; fileRef = C92E05522C58E900007AE20D /* TitlePreviewModel.swift */; };
		C92E05552C58E900007AE20D /* TitleModel.swift in Sources */ = {isa = PBXBuildFile; fileRef = C92E05532C58E900007AE20D /* TitleModel.swift */; };
		C92E05572C58EDE0007AE20D /* PreviewVC.storyboard in Resources */ = {isa = PBXBuildFile; fileRef = C92E05562C58EDE0007AE20D /* PreviewVC.storyboard */; };
		C92E055A2C590D75007AE20D /* SwiftLoader in Frameworks */ = {isa = PBXBuildFile; productRef = C92E05592C590D75007AE20D /* SwiftLoader */; };
		C94533322C56503500A3D919 /* SearchVC.xib in Resources */ = {isa = PBXBuildFile; fileRef = C94533312C56503500A3D919 /* SearchVC.xib */; };
		C94533332C56503500A3D919 /* SearchVC.swift in Sources */ = {isa = PBXBuildFile; fileRef = C94533302C56503500A3D919 /* SearchVC.swift */; };
		C94533372C569CB300A3D919 /* PreviewVC.swift in Sources */ = {isa = PBXBuildFile; fileRef = C94533342C569CB300A3D919 /* PreviewVC.swift */; };
		C9711BFF2C525D110083A737 /* UpcomingVC.swift in Sources */ = {isa = PBXBuildFile; fileRef = C9711BFD2C525D110083A737 /* UpcomingVC.swift */; };
		C9711C002C525D110083A737 /* UpcomingVC.xib in Resources */ = {isa = PBXBuildFile; fileRef = C9711BFE2C525D110083A737 /* UpcomingVC.xib */; };
		C9711C032C5263450083A737 /* UpcomingCell.swift in Sources */ = {isa = PBXBuildFile; fileRef = C9711C012C5263450083A737 /* UpcomingCell.swift */; };
		C9711C042C5263450083A737 /* UpcomingCell.xib in Resources */ = {isa = PBXBuildFile; fileRef = C9711C022C5263450083A737 /* UpcomingCell.xib */; };
		C98D89042C835A38005367AF /* LoadingView.swift in Sources */ = {isa = PBXBuildFile; fileRef = C98D89032C835A38005367AF /* LoadingView.swift */; };
		C98D89062C835A9B005367AF /* LoadingView.xib in Resources */ = {isa = PBXBuildFile; fileRef = C98D89052C835A9B005367AF /* LoadingView.xib */; };
		C98D89092C835BD0005367AF /* Loadable.swift in Sources */ = {isa = PBXBuildFile; fileRef = C98D89082C835BD0005367AF /* Loadable.swift */; };
		C9D13A102C60DA58001E1FB3 /* HomeViewPresenter.swift in Sources */ = {isa = PBXBuildFile; fileRef = C9D13A0F2C60DA58001E1FB3 /* HomeViewPresenter.swift */; };
		C9D13A142C60F728001E1FB3 /* UpcomingViewPresenter.swift in Sources */ = {isa = PBXBuildFile; fileRef = C9D13A132C60F728001E1FB3 /* UpcomingViewPresenter.swift */; };
		C9D13A172C62499C001E1FB3 /* SearchViewPresenter.swift in Sources */ = {isa = PBXBuildFile; fileRef = C9D13A162C62499C001E1FB3 /* SearchViewPresenter.swift */; };
		C9D13A1A2C626564001E1FB3 /* PreviewViewPresenter.swift in Sources */ = {isa = PBXBuildFile; fileRef = C9D13A192C626564001E1FB3 /* PreviewViewPresenter.swift */; };
		C9D3B70D2C4F8FED00229418 /* AppDelegate.swift in Sources */ = {isa = PBXBuildFile; fileRef = C9D3B70C2C4F8FED00229418 /* AppDelegate.swift */; };
		C9D3B70F2C4F8FED00229418 /* SceneDelegate.swift in Sources */ = {isa = PBXBuildFile; fileRef = C9D3B70E2C4F8FED00229418 /* SceneDelegate.swift */; };
		C9D3B7112C4F8FED00229418 /* TabBarVC.swift in Sources */ = {isa = PBXBuildFile; fileRef = C9D3B7102C4F8FED00229418 /* TabBarVC.swift */; };
		C9D3B7142C4F8FED00229418 /* Base in Resources */ = {isa = PBXBuildFile; fileRef = C9D3B7132C4F8FED00229418 /* Base */; };
		C9D3B7162C4F8FEE00229418 /* Assets.xcassets in Resources */ = {isa = PBXBuildFile; fileRef = C9D3B7152C4F8FEE00229418 /* Assets.xcassets */; };
		C9D3B7192C4F8FEE00229418 /* Base in Resources */ = {isa = PBXBuildFile; fileRef = C9D3B7182C4F8FEE00229418 /* Base */; };
		C9D3B7222C4F902900229418 /* DataPersistenceManager.swift in Sources */ = {isa = PBXBuildFile; fileRef = C9D3B7202C4F902900229418 /* DataPersistenceManager.swift */; };
		C9D3B7232C4F902900229418 /* APICaller.swift in Sources */ = {isa = PBXBuildFile; fileRef = C9D3B7212C4F902900229418 /* APICaller.swift */; };
		C9D3B7262C4F903700229418 /* YoutubeSearchResponse.swift in Sources */ = {isa = PBXBuildFile; fileRef = C9D3B7242C4F903700229418 /* YoutubeSearchResponse.swift */; };
		C9D3B7272C4F903700229418 /* Title.swift in Sources */ = {isa = PBXBuildFile; fileRef = C9D3B7252C4F903700229418 /* Title.swift */; };
		C9D3B7292C4F903F00229418 /* Extensions.swift in Sources */ = {isa = PBXBuildFile; fileRef = C9D3B7282C4F903F00229418 /* Extensions.swift */; };
		C9D3B7362C4F91CF00229418 /* HomeVC.xib in Resources */ = {isa = PBXBuildFile; fileRef = C9D3B7352C4F91CF00229418 /* HomeVC.xib */; };
		C9D3B7372C4F91CF00229418 /* HomeVC.swift in Sources */ = {isa = PBXBuildFile; fileRef = C9D3B7342C4F91CF00229418 /* HomeVC.swift */; };
		C9D3B73E2C4FA15100229418 /* HomeCell.xib in Resources */ = {isa = PBXBuildFile; fileRef = C9D3B73D2C4FA15100229418 /* HomeCell.xib */; };
		C9D3B73F2C4FA15100229418 /* HomeCell.swift in Sources */ = {isa = PBXBuildFile; fileRef = C9D3B73C2C4FA15100229418 /* HomeCell.swift */; };
		C9D3B7412C4FAA3C00229418 /* HeaderView.swift in Sources */ = {isa = PBXBuildFile; fileRef = C9D3B7402C4FAA3C00229418 /* HeaderView.swift */; };
		C9D3B7442C4FB82D00229418 /* TestCollectionCell.xib in Resources */ = {isa = PBXBuildFile; fileRef = C9D3B7432C4FB82D00229418 /* TestCollectionCell.xib */; };
		C9D3B7452C4FB82D00229418 /* TestCollectionCell.swift in Sources */ = {isa = PBXBuildFile; fileRef = C9D3B7422C4FB82D00229418 /* TestCollectionCell.swift */; };
		C9D3B7482C4FD38D00229418 /* SDWebImage in Frameworks */ = {isa = PBXBuildFile; productRef = C9D3B7472C4FD38D00229418 /* SDWebImage */; };
		C9D3B74A2C4FD38D00229418 /* SDWebImageMapKit in Frameworks */ = {isa = PBXBuildFile; productRef = C9D3B7492C4FD38D00229418 /* SDWebImageMapKit */; };
/* End PBXBuildFile section */

/* Begin PBXFileReference section */
		A655BEE3A1B20FBB2E2AECA3 /* Pods-NetflixApp2.release.xcconfig */ = {isa = PBXFileReference; includeInIndex = 1; lastKnownFileType = text.xcconfig; name = "Pods-NetflixApp2.release.xcconfig"; path = "Target Support Files/Pods-NetflixApp2/Pods-NetflixApp2.release.xcconfig"; sourceTree = "<group>"; };
		C92E05522C58E900007AE20D /* TitlePreviewModel.swift */ = {isa = PBXFileReference; fileEncoding = 4; lastKnownFileType = sourcecode.swift; name = TitlePreviewModel.swift; path = ../ViewModels/TitlePreviewModel.swift; sourceTree = "<group>"; };
		C92E05532C58E900007AE20D /* TitleModel.swift */ = {isa = PBXFileReference; fileEncoding = 4; lastKnownFileType = sourcecode.swift; name = TitleModel.swift; path = ../ViewModels/TitleModel.swift; sourceTree = "<group>"; };
		C92E05562C58EDE0007AE20D /* PreviewVC.storyboard */ = {isa = PBXFileReference; fileEncoding = 4; lastKnownFileType = file.storyboard; path = PreviewVC.storyboard; sourceTree = "<group>"; };
		C94533302C56503500A3D919 /* SearchVC.swift */ = {isa = PBXFileReference; lastKnownFileType = sourcecode.swift; path = SearchVC.swift; sourceTree = "<group>"; };
		C94533312C56503500A3D919 /* SearchVC.xib */ = {isa = PBXFileReference; lastKnownFileType = file.xib; path = SearchVC.xib; sourceTree = "<group>"; };
		C94533342C569CB300A3D919 /* PreviewVC.swift */ = {isa = PBXFileReference; lastKnownFileType = sourcecode.swift; path = PreviewVC.swift; sourceTree = "<group>"; };
		C9711BFD2C525D110083A737 /* UpcomingVC.swift */ = {isa = PBXFileReference; lastKnownFileType = sourcecode.swift; path = UpcomingVC.swift; sourceTree = "<group>"; };
		C9711BFE2C525D110083A737 /* UpcomingVC.xib */ = {isa = PBXFileReference; lastKnownFileType = file.xib; path = UpcomingVC.xib; sourceTree = "<group>"; };
		C9711C012C5263450083A737 /* UpcomingCell.swift */ = {isa = PBXFileReference; lastKnownFileType = sourcecode.swift; path = UpcomingCell.swift; sourceTree = "<group>"; };
		C9711C022C5263450083A737 /* UpcomingCell.xib */ = {isa = PBXFileReference; lastKnownFileType = file.xib; path = UpcomingCell.xib; sourceTree = "<group>"; };
		C98D89032C835A38005367AF /* LoadingView.swift */ = {isa = PBXFileReference; lastKnownFileType = sourcecode.swift; path = LoadingView.swift; sourceTree = "<group>"; };
		C98D89052C835A9B005367AF /* LoadingView.xib */ = {isa = PBXFileReference; lastKnownFileType = file.xib; path = LoadingView.xib; sourceTree = "<group>"; };
		C98D89082C835BD0005367AF /* Loadable.swift */ = {isa = PBXFileReference; lastKnownFileType = sourcecode.swift; path = Loadable.swift; sourceTree = "<group>"; };
		C9D13A0F2C60DA58001E1FB3 /* HomeViewPresenter.swift */ = {isa = PBXFileReference; lastKnownFileType = sourcecode.swift; path = HomeViewPresenter.swift; sourceTree = "<group>"; };
		C9D13A132C60F728001E1FB3 /* UpcomingViewPresenter.swift */ = {isa = PBXFileReference; lastKnownFileType = sourcecode.swift; path = UpcomingViewPresenter.swift; sourceTree = "<group>"; };
		C9D13A162C62499C001E1FB3 /* SearchViewPresenter.swift */ = {isa = PBXFileReference; lastKnownFileType = sourcecode.swift; path = SearchViewPresenter.swift; sourceTree = "<group>"; };
		C9D13A192C626564001E1FB3 /* PreviewViewPresenter.swift */ = {isa = PBXFileReference; lastKnownFileType = sourcecode.swift; path = PreviewViewPresenter.swift; sourceTree = "<group>"; };
		C9D3B7092C4F8FED00229418 /* NetflixApp2.app */ = {isa = PBXFileReference; explicitFileType = wrapper.application; includeInIndex = 0; path = NetflixApp2.app; sourceTree = BUILT_PRODUCTS_DIR; };
		C9D3B70C2C4F8FED00229418 /* AppDelegate.swift */ = {isa = PBXFileReference; lastKnownFileType = sourcecode.swift; path = AppDelegate.swift; sourceTree = "<group>"; };
		C9D3B70E2C4F8FED00229418 /* SceneDelegate.swift */ = {isa = PBXFileReference; lastKnownFileType = sourcecode.swift; path = SceneDelegate.swift; sourceTree = "<group>"; };
		C9D3B7102C4F8FED00229418 /* TabBarVC.swift */ = {isa = PBXFileReference; lastKnownFileType = sourcecode.swift; path = TabBarVC.swift; sourceTree = "<group>"; };
		C9D3B7132C4F8FED00229418 /* Base */ = {isa = PBXFileReference; lastKnownFileType = file.storyboard; name = Base; path = Base.lproj/Main.storyboard; sourceTree = "<group>"; };
		C9D3B7152C4F8FEE00229418 /* Assets.xcassets */ = {isa = PBXFileReference; lastKnownFileType = folder.assetcatalog; path = Assets.xcassets; sourceTree = "<group>"; };
		C9D3B7182C4F8FEE00229418 /* Base */ = {isa = PBXFileReference; lastKnownFileType = file.storyboard; name = Base; path = Base.lproj/LaunchScreen.storyboard; sourceTree = "<group>"; };
		C9D3B71A2C4F8FEE00229418 /* Info.plist */ = {isa = PBXFileReference; lastKnownFileType = text.plist.xml; path = Info.plist; sourceTree = "<group>"; };
		C9D3B7202C4F902900229418 /* DataPersistenceManager.swift */ = {isa = PBXFileReference; fileEncoding = 4; lastKnownFileType = sourcecode.swift; path = DataPersistenceManager.swift; sourceTree = "<group>"; };
		C9D3B7212C4F902900229418 /* APICaller.swift */ = {isa = PBXFileReference; fileEncoding = 4; lastKnownFileType = sourcecode.swift; path = APICaller.swift; sourceTree = "<group>"; };
		C9D3B7242C4F903700229418 /* YoutubeSearchResponse.swift */ = {isa = PBXFileReference; fileEncoding = 4; lastKnownFileType = sourcecode.swift; path = YoutubeSearchResponse.swift; sourceTree = "<group>"; };
		C9D3B7252C4F903700229418 /* Title.swift */ = {isa = PBXFileReference; fileEncoding = 4; lastKnownFileType = sourcecode.swift; path = Title.swift; sourceTree = "<group>"; };
		C9D3B7282C4F903F00229418 /* Extensions.swift */ = {isa = PBXFileReference; fileEncoding = 4; lastKnownFileType = sourcecode.swift; path = Extensions.swift; sourceTree = "<group>"; };
		C9D3B7342C4F91CF00229418 /* HomeVC.swift */ = {isa = PBXFileReference; lastKnownFileType = sourcecode.swift; path = HomeVC.swift; sourceTree = "<group>"; };
		C9D3B7352C4F91CF00229418 /* HomeVC.xib */ = {isa = PBXFileReference; lastKnownFileType = file.xib; path = HomeVC.xib; sourceTree = "<group>"; };
		C9D3B73C2C4FA15100229418 /* HomeCell.swift */ = {isa = PBXFileReference; lastKnownFileType = sourcecode.swift; path = HomeCell.swift; sourceTree = "<group>"; };
		C9D3B73D2C4FA15100229418 /* HomeCell.xib */ = {isa = PBXFileReference; lastKnownFileType = file.xib; path = HomeCell.xib; sourceTree = "<group>"; };
		C9D3B7402C4FAA3C00229418 /* HeaderView.swift */ = {isa = PBXFileReference; lastKnownFileType = sourcecode.swift; path = HeaderView.swift; sourceTree = "<group>"; };
		C9D3B7422C4FB82D00229418 /* TestCollectionCell.swift */ = {isa = PBXFileReference; lastKnownFileType = sourcecode.swift; path = TestCollectionCell.swift; sourceTree = "<group>"; };
		C9D3B7432C4FB82D00229418 /* TestCollectionCell.xib */ = {isa = PBXFileReference; lastKnownFileType = file.xib; path = TestCollectionCell.xib; sourceTree = "<group>"; };
		EBCDCFDE15E02CED6F954F27 /* Pods_NetflixApp2.framework */ = {isa = PBXFileReference; explicitFileType = wrapper.framework; includeInIndex = 0; path = Pods_NetflixApp2.framework; sourceTree = BUILT_PRODUCTS_DIR; };
		F38AA6BC7A2E56BCA5A3B522 /* Pods-NetflixApp2.debug.xcconfig */ = {isa = PBXFileReference; includeInIndex = 1; lastKnownFileType = text.xcconfig; name = "Pods-NetflixApp2.debug.xcconfig"; path = "Target Support Files/Pods-NetflixApp2/Pods-NetflixApp2.debug.xcconfig"; sourceTree = "<group>"; };
/* End PBXFileReference section */

/* Begin PBXFrameworksBuildPhase section */
		C9D3B7062C4F8FED00229418 /* Frameworks */ = {
			isa = PBXFrameworksBuildPhase;
			buildActionMask = 2147483647;
			files = (
				C9D3B74A2C4FD38D00229418 /* SDWebImageMapKit in Frameworks */,
				C92E055A2C590D75007AE20D /* SwiftLoader in Frameworks */,
				C9D3B7482C4FD38D00229418 /* SDWebImage in Frameworks */,
				162B7EE9078DAF04317DFBAC /* Pods_NetflixApp2.framework in Frameworks */,
			);
			runOnlyForDeploymentPostprocessing = 0;
		};
/* End PBXFrameworksBuildPhase section */

/* Begin PBXGroup section */
		7C94A47957E55C03972CEFB4 /* Pods */ = {
			isa = PBXGroup;
			children = (
				F38AA6BC7A2E56BCA5A3B522 /* Pods-NetflixApp2.debug.xcconfig */,
				A655BEE3A1B20FBB2E2AECA3 /* Pods-NetflixApp2.release.xcconfig */,
			);
			path = Pods;
			sourceTree = "<group>";
		};
		9032916D7736174CF69F0AB1 /* Frameworks */ = {
			isa = PBXGroup;
			children = (
				EBCDCFDE15E02CED6F954F27 /* Pods_NetflixApp2.framework */,
			);
			name = Frameworks;
			sourceTree = "<group>";
		};
		C98D89072C835BC1005367AF /* Utils */ = {
			isa = PBXGroup;
			children = (
				C98D89082C835BD0005367AF /* Loadable.swift */,
			);
			path = Utils;
			sourceTree = "<group>";
		};
		C9D13A112C60DAEE001E1FB3 /* Home */ = {
			isa = PBXGroup;
			children = (
				C9D13A0F2C60DA58001E1FB3 /* HomeViewPresenter.swift */,
				C9D3B7342C4F91CF00229418 /* HomeVC.swift */,
				C9D3B7352C4F91CF00229418 /* HomeVC.xib */,
			);
			path = Home;
			sourceTree = "<group>";
		};
		C9D13A122C60F706001E1FB3 /* Upcoming */ = {
			isa = PBXGroup;
			children = (
				C9D13A132C60F728001E1FB3 /* UpcomingViewPresenter.swift */,
				C9711BFD2C525D110083A737 /* UpcomingVC.swift */,
				C9711BFE2C525D110083A737 /* UpcomingVC.xib */,
			);
			path = Upcoming;
			sourceTree = "<group>";
		};
		C9D13A152C624976001E1FB3 /* Search */ = {
			isa = PBXGroup;
			children = (
				C9D13A162C62499C001E1FB3 /* SearchViewPresenter.swift */,
				C94533302C56503500A3D919 /* SearchVC.swift */,
				C94533312C56503500A3D919 /* SearchVC.xib */,
			);
			path = Search;
			sourceTree = "<group>";
		};
		C9D13A182C626539001E1FB3 /* Preview */ = {
			isa = PBXGroup;
			children = (
				C9D13A192C626564001E1FB3 /* PreviewViewPresenter.swift */,
				C94533342C569CB300A3D919 /* PreviewVC.swift */,
				C92E05562C58EDE0007AE20D /* PreviewVC.storyboard */,
			);
			path = Preview;
			sourceTree = "<group>";
		};
		C9D3B7002C4F8FED00229418 = {
			isa = PBXGroup;
			children = (
				C9D3B70B2C4F8FED00229418 /* NetflixApp2 */,
				C9D3B70A2C4F8FED00229418 /* Products */,
				7C94A47957E55C03972CEFB4 /* Pods */,
				9032916D7736174CF69F0AB1 /* Frameworks */,
			);
			sourceTree = "<group>";
		};
		C9D3B70A2C4F8FED00229418 /* Products */ = {
			isa = PBXGroup;
			children = (
				C9D3B7092C4F8FED00229418 /* NetflixApp2.app */,
			);
			name = Products;
			sourceTree = "<group>";
		};
		C9D3B70B2C4F8FED00229418 /* NetflixApp2 */ = {
			isa = PBXGroup;
			children = (
				C98D89072C835BC1005367AF /* Utils */,
				C9D3B7332C4F90C700229418 /* Resources */,
				C9D3B7322C4F908700229418 /* Managers */,
				C9D3B7312C4F907D00229418 /* Views */,
				C9D3B72F2C4F907000229418 /* Models */,
				C9D3B72E2C4F906700229418 /* Controllers */,
				C9D3B7152C4F8FEE00229418 /* Assets.xcassets */,
				C9D3B7172C4F8FEE00229418 /* LaunchScreen.storyboard */,
				C9D3B71A2C4F8FEE00229418 /* Info.plist */,
			);
			path = NetflixApp2;
			sourceTree = "<group>";
		};
		C9D3B72E2C4F906700229418 /* Controllers */ = {
			isa = PBXGroup;
			children = (
				C9D3B7102C4F8FED00229418 /* TabBarVC.swift */,
				C9D3B7122C4F8FED00229418 /* Main.storyboard */,
				C9D13A112C60DAEE001E1FB3 /* Home */,
				C9D13A122C60F706001E1FB3 /* Upcoming */,
				C9D13A152C624976001E1FB3 /* Search */,
				C9D13A182C626539001E1FB3 /* Preview */,
			);
			path = Controllers;
			sourceTree = "<group>";
		};
		C9D3B72F2C4F907000229418 /* Models */ = {
			isa = PBXGroup;
			children = (
				C92E05522C58E900007AE20D /* TitlePreviewModel.swift */,
				C9D3B7252C4F903700229418 /* Title.swift */,
				C92E05532C58E900007AE20D /* TitleModel.swift */,
				C9D3B7242C4F903700229418 /* YoutubeSearchResponse.swift */,
			);
			path = Models;
			sourceTree = "<group>";
		};
		C9D3B7312C4F907D00229418 /* Views */ = {
			isa = PBXGroup;
			children = (
				C9D3B7402C4FAA3C00229418 /* HeaderView.swift */,
				C9D3B73C2C4FA15100229418 /* HomeCell.swift */,
				C9D3B73D2C4FA15100229418 /* HomeCell.xib */,
				C9D3B7422C4FB82D00229418 /* TestCollectionCell.swift */,
				C9D3B7432C4FB82D00229418 /* TestCollectionCell.xib */,
				C9711C012C5263450083A737 /* UpcomingCell.swift */,
				C9711C022C5263450083A737 /* UpcomingCell.xib */,
				C98D89032C835A38005367AF /* LoadingView.swift */,
				C98D89052C835A9B005367AF /* LoadingView.xib */,
			);
			path = Views;
			sourceTree = "<group>";
		};
		C9D3B7322C4F908700229418 /* Managers */ = {
			isa = PBXGroup;
			children = (
				C9D3B7212C4F902900229418 /* APICaller.swift */,
				C9D3B7202C4F902900229418 /* DataPersistenceManager.swift */,
			);
			path = Managers;
			sourceTree = "<group>";
		};
		C9D3B7332C4F90C700229418 /* Resources */ = {
			isa = PBXGroup;
			children = (
				C9D3B7282C4F903F00229418 /* Extensions.swift */,
				C9D3B70C2C4F8FED00229418 /* AppDelegate.swift */,
				C9D3B70E2C4F8FED00229418 /* SceneDelegate.swift */,
			);
			path = Resources;
			sourceTree = "<group>";
		};
/* End PBXGroup section */

/* Begin PBXNativeTarget section */
		C9D3B7082C4F8FED00229418 /* NetflixApp2 */ = {
			isa = PBXNativeTarget;
			buildConfigurationList = C9D3B71D2C4F8FEE00229418 /* Build configuration list for PBXNativeTarget "NetflixApp2" */;
			buildPhases = (
				F9FE308FD6478B4E0C8DB9FE /* [CP] Check Pods Manifest.lock */,
				C9D3B7052C4F8FED00229418 /* Sources */,
				C9D3B7062C4F8FED00229418 /* Frameworks */,
				C9D3B7072C4F8FED00229418 /* Resources */,
				EA79CEAB808CC075EE42FAC4 /* [CP] Embed Pods Frameworks */,
			);
			buildRules = (
			);
			dependencies = (
			);
			name = NetflixApp2;
			packageProductDependencies = (
				C9D3B7472C4FD38D00229418 /* SDWebImage */,
				C9D3B7492C4FD38D00229418 /* SDWebImageMapKit */,
				C92E05592C590D75007AE20D /* SwiftLoader */,
			);
			productName = NetflixApp2;
			productReference = C9D3B7092C4F8FED00229418 /* NetflixApp2.app */;
			productType = "com.apple.product-type.application";
		};
/* End PBXNativeTarget section */

/* Begin PBXProject section */
		C9D3B7012C4F8FED00229418 /* Project object */ = {
			isa = PBXProject;
			attributes = {
				BuildIndependentTargetsInParallel = 1;
				LastSwiftUpdateCheck = 1540;
				LastUpgradeCheck = 1540;
				TargetAttributes = {
					C9D3B7082C4F8FED00229418 = {
						CreatedOnToolsVersion = 15.4;
					};
				};
			};
			buildConfigurationList = C9D3B7042C4F8FED00229418 /* Build configuration list for PBXProject "NetflixApp2" */;
			compatibilityVersion = "Xcode 14.0";
			developmentRegion = en;
			hasScannedForEncodings = 0;
			knownRegions = (
				en,
				Base,
			);
			mainGroup = C9D3B7002C4F8FED00229418;
			packageReferences = (
				C9D3B7462C4FD38D00229418 /* XCRemoteSwiftPackageReference "SDWebImage" */,
				C92E05582C590D75007AE20D /* XCRemoteSwiftPackageReference "SwiftLoader" */,
			);
			productRefGroup = C9D3B70A2C4F8FED00229418 /* Products */;
			projectDirPath = "";
			projectRoot = "";
			targets = (
				C9D3B7082C4F8FED00229418 /* NetflixApp2 */,
			);
		};
/* End PBXProject section */

/* Begin PBXResourcesBuildPhase section */
		C9D3B7072C4F8FED00229418 /* Resources */ = {
			isa = PBXResourcesBuildPhase;
			buildActionMask = 2147483647;
			files = (
				C9D3B7162C4F8FEE00229418 /* Assets.xcassets in Resources */,
				C9D3B7362C4F91CF00229418 /* HomeVC.xib in Resources */,
				C9711C002C525D110083A737 /* UpcomingVC.xib in Resources */,
				C9711C042C5263450083A737 /* UpcomingCell.xib in Resources */,
				C9D3B7192C4F8FEE00229418 /* Base in Resources */,
				C9D3B7442C4FB82D00229418 /* TestCollectionCell.xib in Resources */,
				C92E05572C58EDE0007AE20D /* PreviewVC.storyboard in Resources */,
				C9D3B7142C4F8FED00229418 /* Base in Resources */,
				C9D3B73E2C4FA15100229418 /* HomeCell.xib in Resources */,
				C98D89062C835A9B005367AF /* LoadingView.xib in Resources */,
				C94533322C56503500A3D919 /* SearchVC.xib in Resources */,
			);
			runOnlyForDeploymentPostprocessing = 0;
		};
/* End PBXResourcesBuildPhase section */

/* Begin PBXShellScriptBuildPhase section */
		EA79CEAB808CC075EE42FAC4 /* [CP] Embed Pods Frameworks */ = {
			isa = PBXShellScriptBuildPhase;
			buildActionMask = 2147483647;
			files = (
			);
			inputFileListPaths = (
				"${PODS_ROOT}/Target Support Files/Pods-NetflixApp2/Pods-NetflixApp2-frameworks-${CONFIGURATION}-input-files.xcfilelist",
			);
			name = "[CP] Embed Pods Frameworks";
			outputFileListPaths = (
				"${PODS_ROOT}/Target Support Files/Pods-NetflixApp2/Pods-NetflixApp2-frameworks-${CONFIGURATION}-output-files.xcfilelist",
			);
			runOnlyForDeploymentPostprocessing = 0;
			shellPath = /bin/sh;
			shellScript = "\"${PODS_ROOT}/Target Support Files/Pods-NetflixApp2/Pods-NetflixApp2-frameworks.sh\"\n";
			showEnvVarsInLog = 0;
		};
		F9FE308FD6478B4E0C8DB9FE /* [CP] Check Pods Manifest.lock */ = {
			isa = PBXShellScriptBuildPhase;
			buildActionMask = 2147483647;
			files = (
			);
			inputFileListPaths = (
			);
			inputPaths = (
				"${PODS_PODFILE_DIR_PATH}/Podfile.lock",
				"${PODS_ROOT}/Manifest.lock",
			);
			name = "[CP] Check Pods Manifest.lock";
			outputFileListPaths = (
			);
			outputPaths = (
				"$(DERIVED_FILE_DIR)/Pods-NetflixApp2-checkManifestLockResult.txt",
			);
			runOnlyForDeploymentPostprocessing = 0;
			shellPath = /bin/sh;
			shellScript = "diff \"${PODS_PODFILE_DIR_PATH}/Podfile.lock\" \"${PODS_ROOT}/Manifest.lock\" > /dev/null\nif [ $? != 0 ] ; then\n    # print error to STDERR\n    echo \"error: The sandbox is not in sync with the Podfile.lock. Run 'pod install' or update your CocoaPods installation.\" >&2\n    exit 1\nfi\n# This output is used by Xcode 'outputs' to avoid re-running this script phase.\necho \"SUCCESS\" > \"${SCRIPT_OUTPUT_FILE_0}\"\n";
			showEnvVarsInLog = 0;
		};
/* End PBXShellScriptBuildPhase section */

/* Begin PBXSourcesBuildPhase section */
		C9D3B7052C4F8FED00229418 /* Sources */ = {
			isa = PBXSourcesBuildPhase;
			buildActionMask = 2147483647;
			files = (
				C9D3B7262C4F903700229418 /* YoutubeSearchResponse.swift in Sources */,
				C94533372C569CB300A3D919 /* PreviewVC.swift in Sources */,
				C9D13A102C60DA58001E1FB3 /* HomeViewPresenter.swift in Sources */,
				C9D3B7452C4FB82D00229418 /* TestCollectionCell.swift in Sources */,
				C9D3B7112C4F8FED00229418 /* TabBarVC.swift in Sources */,
				C98D89092C835BD0005367AF /* Loadable.swift in Sources */,
				C98D89042C835A38005367AF /* LoadingView.swift in Sources */,
				C9D3B7272C4F903700229418 /* Title.swift in Sources */,
				C9D3B7292C4F903F00229418 /* Extensions.swift in Sources */,
				C92E05542C58E900007AE20D /* TitlePreviewModel.swift in Sources */,
				C9D3B7222C4F902900229418 /* DataPersistenceManager.swift in Sources */,
				C9D3B70D2C4F8FED00229418 /* AppDelegate.swift in Sources */,
				C9D13A172C62499C001E1FB3 /* SearchViewPresenter.swift in Sources */,
				C9D3B7232C4F902900229418 /* APICaller.swift in Sources */,
				C9D3B70F2C4F8FED00229418 /* SceneDelegate.swift in Sources */,
				C9D3B7372C4F91CF00229418 /* HomeVC.swift in Sources */,
				C9D13A1A2C626564001E1FB3 /* PreviewViewPresenter.swift in Sources */,
				C9D3B73F2C4FA15100229418 /* HomeCell.swift in Sources */,
				C9711BFF2C525D110083A737 /* UpcomingVC.swift in Sources */,
				C9D3B7412C4FAA3C00229418 /* HeaderView.swift in Sources */,
				C9D13A142C60F728001E1FB3 /* UpcomingViewPresenter.swift in Sources */,
				C94533332C56503500A3D919 /* SearchVC.swift in Sources */,
				C9711C032C5263450083A737 /* UpcomingCell.swift in Sources */,
				C92E05552C58E900007AE20D /* TitleModel.swift in Sources */,
			);
			runOnlyForDeploymentPostprocessing = 0;
		};
/* End PBXSourcesBuildPhase section */

/* Begin PBXVariantGroup section */
		C9D3B7122C4F8FED00229418 /* Main.storyboard */ = {
			isa = PBXVariantGroup;
			children = (
				C9D3B7132C4F8FED00229418 /* Base */,
			);
			name = Main.storyboard;
			sourceTree = "<group>";
		};
		C9D3B7172C4F8FEE00229418 /* LaunchScreen.storyboard */ = {
			isa = PBXVariantGroup;
			children = (
				C9D3B7182C4F8FEE00229418 /* Base */,
			);
			name = LaunchScreen.storyboard;
			sourceTree = "<group>";
		};
/* End PBXVariantGroup section */

/* Begin XCBuildConfiguration section */
		C9D3B71B2C4F8FEE00229418 /* Debug */ = {
			isa = XCBuildConfiguration;
			buildSettings = {
				ALWAYS_SEARCH_USER_PATHS = NO;
				ASSETCATALOG_COMPILER_GENERATE_SWIFT_ASSET_SYMBOL_EXTENSIONS = YES;
				CLANG_ANALYZER_NONNULL = YES;
				CLANG_ANALYZER_NUMBER_OBJECT_CONVERSION = YES_AGGRESSIVE;
				CLANG_CXX_LANGUAGE_STANDARD = "gnu++20";
				CLANG_ENABLE_MODULES = YES;
				CLANG_ENABLE_OBJC_ARC = YES;
				CLANG_ENABLE_OBJC_WEAK = YES;
				CLANG_WARN_BLOCK_CAPTURE_AUTORELEASING = YES;
				CLANG_WARN_BOOL_CONVERSION = YES;
				CLANG_WARN_COMMA = YES;
				CLANG_WARN_CONSTANT_CONVERSION = YES;
				CLANG_WARN_DEPRECATED_OBJC_IMPLEMENTATIONS = YES;
				CLANG_WARN_DIRECT_OBJC_ISA_USAGE = YES_ERROR;
				CLANG_WARN_DOCUMENTATION_COMMENTS = YES;
				CLANG_WARN_EMPTY_BODY = YES;
				CLANG_WARN_ENUM_CONVERSION = YES;
				CLANG_WARN_INFINITE_RECURSION = YES;
				CLANG_WARN_INT_CONVERSION = YES;
				CLANG_WARN_NON_LITERAL_NULL_CONVERSION = YES;
				CLANG_WARN_OBJC_IMPLICIT_RETAIN_SELF = YES;
				CLANG_WARN_OBJC_LITERAL_CONVERSION = YES;
				CLANG_WARN_OBJC_ROOT_CLASS = YES_ERROR;
				CLANG_WARN_QUOTED_INCLUDE_IN_FRAMEWORK_HEADER = YES;
				CLANG_WARN_RANGE_LOOP_ANALYSIS = YES;
				CLANG_WARN_STRICT_PROTOTYPES = YES;
				CLANG_WARN_SUSPICIOUS_MOVE = YES;
				CLANG_WARN_UNGUARDED_AVAILABILITY = YES_AGGRESSIVE;
				CLANG_WARN_UNREACHABLE_CODE = YES;
				CLANG_WARN__DUPLICATE_METHOD_MATCH = YES;
				COPY_PHASE_STRIP = NO;
				DEBUG_INFORMATION_FORMAT = dwarf;
				ENABLE_STRICT_OBJC_MSGSEND = YES;
				ENABLE_TESTABILITY = YES;
				ENABLE_USER_SCRIPT_SANDBOXING = YES;
				GCC_C_LANGUAGE_STANDARD = gnu17;
				GCC_DYNAMIC_NO_PIC = NO;
				GCC_NO_COMMON_BLOCKS = YES;
				GCC_OPTIMIZATION_LEVEL = 0;
				GCC_PREPROCESSOR_DEFINITIONS = (
					"DEBUG=1",
					"$(inherited)",
				);
				GCC_WARN_64_TO_32_BIT_CONVERSION = YES;
				GCC_WARN_ABOUT_RETURN_TYPE = YES_ERROR;
				GCC_WARN_UNDECLARED_SELECTOR = YES;
				GCC_WARN_UNINITIALIZED_AUTOS = YES_AGGRESSIVE;
				GCC_WARN_UNUSED_FUNCTION = YES;
				GCC_WARN_UNUSED_VARIABLE = YES;
				IPHONEOS_DEPLOYMENT_TARGET = 17.5;
				LOCALIZATION_PREFERS_STRING_CATALOGS = YES;
				MTL_ENABLE_DEBUG_INFO = INCLUDE_SOURCE;
				MTL_FAST_MATH = YES;
				ONLY_ACTIVE_ARCH = YES;
				SDKROOT = iphoneos;
				SWIFT_ACTIVE_COMPILATION_CONDITIONS = "DEBUG $(inherited)";
				SWIFT_OPTIMIZATION_LEVEL = "-Onone";
			};
			name = Debug;
		};
		C9D3B71C2C4F8FEE00229418 /* Release */ = {
			isa = XCBuildConfiguration;
			buildSettings = {
				ALWAYS_SEARCH_USER_PATHS = NO;
				ASSETCATALOG_COMPILER_GENERATE_SWIFT_ASSET_SYMBOL_EXTENSIONS = YES;
				CLANG_ANALYZER_NONNULL = YES;
				CLANG_ANALYZER_NUMBER_OBJECT_CONVERSION = YES_AGGRESSIVE;
				CLANG_CXX_LANGUAGE_STANDARD = "gnu++20";
				CLANG_ENABLE_MODULES = YES;
				CLANG_ENABLE_OBJC_ARC = YES;
				CLANG_ENABLE_OBJC_WEAK = YES;
				CLANG_WARN_BLOCK_CAPTURE_AUTORELEASING = YES;
				CLANG_WARN_BOOL_CONVERSION = YES;
				CLANG_WARN_COMMA = YES;
				CLANG_WARN_CONSTANT_CONVERSION = YES;
				CLANG_WARN_DEPRECATED_OBJC_IMPLEMENTATIONS = YES;
				CLANG_WARN_DIRECT_OBJC_ISA_USAGE = YES_ERROR;
				CLANG_WARN_DOCUMENTATION_COMMENTS = YES;
				CLANG_WARN_EMPTY_BODY = YES;
				CLANG_WARN_ENUM_CONVERSION = YES;
				CLANG_WARN_INFINITE_RECURSION = YES;
				CLANG_WARN_INT_CONVERSION = YES;
				CLANG_WARN_NON_LITERAL_NULL_CONVERSION = YES;
				CLANG_WARN_OBJC_IMPLICIT_RETAIN_SELF = YES;
				CLANG_WARN_OBJC_LITERAL_CONVERSION = YES;
				CLANG_WARN_OBJC_ROOT_CLASS = YES_ERROR;
				CLANG_WARN_QUOTED_INCLUDE_IN_FRAMEWORK_HEADER = YES;
				CLANG_WARN_RANGE_LOOP_ANALYSIS = YES;
				CLANG_WARN_STRICT_PROTOTYPES = YES;
				CLANG_WARN_SUSPICIOUS_MOVE = YES;
				CLANG_WARN_UNGUARDED_AVAILABILITY = YES_AGGRESSIVE;
				CLANG_WARN_UNREACHABLE_CODE = YES;
				CLANG_WARN__DUPLICATE_METHOD_MATCH = YES;
				COPY_PHASE_STRIP = NO;
				DEBUG_INFORMATION_FORMAT = "dwarf-with-dsym";
				ENABLE_NS_ASSERTIONS = NO;
				ENABLE_STRICT_OBJC_MSGSEND = YES;
				ENABLE_USER_SCRIPT_SANDBOXING = YES;
				GCC_C_LANGUAGE_STANDARD = gnu17;
				GCC_NO_COMMON_BLOCKS = YES;
				GCC_WARN_64_TO_32_BIT_CONVERSION = YES;
				GCC_WARN_ABOUT_RETURN_TYPE = YES_ERROR;
				GCC_WARN_UNDECLARED_SELECTOR = YES;
				GCC_WARN_UNINITIALIZED_AUTOS = YES_AGGRESSIVE;
				GCC_WARN_UNUSED_FUNCTION = YES;
				GCC_WARN_UNUSED_VARIABLE = YES;
				IPHONEOS_DEPLOYMENT_TARGET = 17.5;
				LOCALIZATION_PREFERS_STRING_CATALOGS = YES;
				MTL_ENABLE_DEBUG_INFO = NO;
				MTL_FAST_MATH = YES;
				SDKROOT = iphoneos;
				SWIFT_COMPILATION_MODE = wholemodule;
				VALIDATE_PRODUCT = YES;
			};
			name = Release;
		};
		C9D3B71E2C4F8FEE00229418 /* Debug */ = {
			isa = XCBuildConfiguration;
			baseConfigurationReference = F38AA6BC7A2E56BCA5A3B522 /* Pods-NetflixApp2.debug.xcconfig */;
			buildSettings = {
				ASSETCATALOG_COMPILER_APPICON_NAME = AppIcon;
				ASSETCATALOG_COMPILER_GLOBAL_ACCENT_COLOR_NAME = AccentColor;
				CODE_SIGN_STYLE = Automatic;
				CURRENT_PROJECT_VERSION = 1;
				ENABLE_USER_SCRIPT_SANDBOXING = NO;
				GENERATE_INFOPLIST_FILE = YES;
				INFOPLIST_FILE = NetflixApp2/Info.plist;
				INFOPLIST_KEY_UIApplicationSupportsIndirectInputEvents = YES;
				INFOPLIST_KEY_UILaunchStoryboardName = LaunchScreen;
				INFOPLIST_KEY_UIMainStoryboardFile = Main;
				INFOPLIST_KEY_UISupportedInterfaceOrientations_iPad = "UIInterfaceOrientationPortrait UIInterfaceOrientationPortraitUpsideDown UIInterfaceOrientationLandscapeLeft UIInterfaceOrientationLandscapeRight";
				INFOPLIST_KEY_UISupportedInterfaceOrientations_iPhone = "UIInterfaceOrientationPortrait UIInterfaceOrientationLandscapeLeft UIInterfaceOrientationLandscapeRight";
				LD_RUNPATH_SEARCH_PATHS = (
					"$(inherited)",
					"@executable_path/Frameworks",
				);
				MARKETING_VERSION = 1.0;
				PRODUCT_BUNDLE_IDENTIFIER = come.ibrahim.NetflixApp2;
				PRODUCT_NAME = "$(TARGET_NAME)";
				SWIFT_EMIT_LOC_STRINGS = YES;
				SWIFT_VERSION = 5.0;
				TARGETED_DEVICE_FAMILY = "1,2";
			};
			name = Debug;
		};
		C9D3B71F2C4F8FEE00229418 /* Release */ = {
			isa = XCBuildConfiguration;
			baseConfigurationReference = A655BEE3A1B20FBB2E2AECA3 /* Pods-NetflixApp2.release.xcconfig */;
			buildSettings = {
				ASSETCATALOG_COMPILER_APPICON_NAME = AppIcon;
				ASSETCATALOG_COMPILER_GLOBAL_ACCENT_COLOR_NAME = AccentColor;
				CODE_SIGN_STYLE = Automatic;
				CURRENT_PROJECT_VERSION = 1;
				ENABLE_USER_SCRIPT_SANDBOXING = NO;
				GENERATE_INFOPLIST_FILE = YES;
				INFOPLIST_FILE = NetflixApp2/Info.plist;
				INFOPLIST_KEY_UIApplicationSupportsIndirectInputEvents = YES;
				INFOPLIST_KEY_UILaunchStoryboardName = LaunchScreen;
				INFOPLIST_KEY_UIMainStoryboardFile = Main;
				INFOPLIST_KEY_UISupportedInterfaceOrientations_iPad = "UIInterfaceOrientationPortrait UIInterfaceOrientationPortraitUpsideDown UIInterfaceOrientationLandscapeLeft UIInterfaceOrientationLandscapeRight";
				INFOPLIST_KEY_UISupportedInterfaceOrientations_iPhone = "UIInterfaceOrientationPortrait UIInterfaceOrientationLandscapeLeft UIInterfaceOrientationLandscapeRight";
				LD_RUNPATH_SEARCH_PATHS = (
					"$(inherited)",
					"@executable_path/Frameworks",
				);
				MARKETING_VERSION = 1.0;
				PRODUCT_BUNDLE_IDENTIFIER = come.ibrahim.NetflixApp2;
				PRODUCT_NAME = "$(TARGET_NAME)";
				SWIFT_EMIT_LOC_STRINGS = YES;
				SWIFT_VERSION = 5.0;
				TARGETED_DEVICE_FAMILY = "1,2";
			};
			name = Release;
		};
/* End XCBuildConfiguration section */

/* Begin XCConfigurationList section */
		C9D3B7042C4F8FED00229418 /* Build configuration list for PBXProject "NetflixApp2" */ = {
			isa = XCConfigurationList;
			buildConfigurations = (
				C9D3B71B2C4F8FEE00229418 /* Debug */,
				C9D3B71C2C4F8FEE00229418 /* Release */,
			);
			defaultConfigurationIsVisible = 0;
			defaultConfigurationName = Release;
		};
		C9D3B71D2C4F8FEE00229418 /* Build configuration list for PBXNativeTarget "NetflixApp2" */ = {
			isa = XCConfigurationList;
			buildConfigurations = (
				C9D3B71E2C4F8FEE00229418 /* Debug */,
				C9D3B71F2C4F8FEE00229418 /* Release */,
			);
			defaultConfigurationIsVisible = 0;
			defaultConfigurationName = Release;
		};
/* End XCConfigurationList section */

/* Begin XCRemoteSwiftPackageReference section */
		C92E05582C590D75007AE20D /* XCRemoteSwiftPackageReference "SwiftLoader" */ = {
			isa = XCRemoteSwiftPackageReference;
			repositoryURL = "https://github.com/leoru/SwiftLoader.git";
			requirement = {
				kind = upToNextMajorVersion;
				minimumVersion = 1.0.0;
			};
		};
		C9D3B7462C4FD38D00229418 /* XCRemoteSwiftPackageReference "SDWebImage" */ = {
			isa = XCRemoteSwiftPackageReference;
			repositoryURL = "https://github.com/SDWebImage/SDWebImage.git";
			requirement = {
				kind = upToNextMajorVersion;
				minimumVersion = 5.19.4;
			};
		};
/* End XCRemoteSwiftPackageReference section */

/* Begin XCSwiftPackageProductDependency section */
		C92E05592C590D75007AE20D /* SwiftLoader */ = {
			isa = XCSwiftPackageProductDependency;
			package = C92E05582C590D75007AE20D /* XCRemoteSwiftPackageReference "SwiftLoader" */;
			productName = SwiftLoader;
		};
		C9D3B7472C4FD38D00229418 /* SDWebImage */ = {
			isa = XCSwiftPackageProductDependency;
			package = C9D3B7462C4FD38D00229418 /* XCRemoteSwiftPackageReference "SDWebImage" */;
			productName = SDWebImage;
		};
		C9D3B7492C4FD38D00229418 /* SDWebImageMapKit */ = {
			isa = XCSwiftPackageProductDependency;
			package = C9D3B7462C4FD38D00229418 /* XCRemoteSwiftPackageReference "SDWebImage" */;
			productName = SDWebImageMapKit;
		};
/* End XCSwiftPackageProductDependency section */
	};
	rootObject = C9D3B7012C4F8FED00229418 /* Project object */;
}
